
Microsoft Visual Studio Solution File, Format Version 12.00
# Visual Studio Version 17
VisualStudioVersion = 17.11.35312.102
MinimumVisualStudioVersion = 10.0.40219.1
Project("{2150E333-8FDC-42A3-9474-1A3956D46DE8}") = "Task0", "Task0", "{4A391298-18EC-4F5B-B181-088BFEB80B5A}"
EndProject
Project("{2150E333-8FDC-42A3-9474-1A3956D46DE8}") = "Task1", "Task1", "{825736A7-FF15-4382-AF09-9B0AE0414089}"
EndProject
Project("{9A19103F-16F7-4668-BE54-9A1E7A4F7556}") = "Tyuiu.PredygerKK.Sprint4.Task0.V26", "Tyuiu.PredygerKK.Sprint4.Task0.V26\Tyuiu.PredygerKK.Sprint4.Task0.V26.csproj", "{A534477B-959C-4EDA-92CF-A33EC2A9007B}"
EndProject
Project("{9A19103F-16F7-4668-BE54-9A1E7A4F7556}") = "Tyuiu.PredygerKK.Sprint4.Task0.V26.Lib", "Tyuiu.PredygerKK.Sprint4.Task0.V26.Lib\Tyuiu.PredygerKK.Sprint4.Task0.V26.Lib.csproj", "{ADF39853-B19B-4CEA-A181-ED9C32B5E893}"
EndProject
Project("{9A19103F-16F7-4668-BE54-9A1E7A4F7556}") = "Tyuiu.PredygerKK.Sprint4.Task0.V26.Test", "Tyuiu.PredygerKK.Sprint4.Task0.V26.Test\Tyuiu.PredygerKK.Sprint4.Task0.V26.Test.csproj", "{C3FAF2D2-029B-4B8E-B998-91BDF8789A9B}"
EndProject
Project("{9A19103F-16F7-4668-BE54-9A1E7A4F7556}") = "Tyuiu.PredygerKK.Sprint4.Task1.V30", "Tyuiu.PredygerKK.Sprint4.Task1.V30\Tyuiu.PredygerKK.Sprint4.Task1.V30.csproj", "{C043D086-F2FA-47B3-A147-A324E754BEB0}"
EndProject
Project("{9A19103F-16F7-4668-BE54-9A1E7A4F7556}") = "Tyuiu.PredygerKK.Sprint4.Task1.V30.Lib", "Tyuiu.PredygerKK.Sprint4.Task1.V30.Lib\Tyuiu.PredygerKK.Sprint4.Task1.V30.Lib.csproj", "{CF8D6EDC-6C51-4279-A509-6343FCC97502}"
EndProject
Project("{9A19103F-16F7-4668-BE54-9A1E7A4F7556}") = "Tyuiu.PredygerKK.Sprint4.Task1.V30.Test", "Tyuiu.PredygerKK.Sprint4.Task1.V30.Test\Tyuiu.PredygerKK.Sprint4.Task1.V30.Test.csproj", "{4099C441-3E31-4A20-B291-9ED4E61AE1D9}"
EndProject
Project("{2150E333-8FDC-42A3-9474-1A3956D46DE8}") = "Task2", "Task2", "{583DAC04-DCB6-4AFA-8BA6-404032480447}"
EndProject
Project("{9A19103F-16F7-4668-BE54-9A1E7A4F7556}") = "Tyuiu.PredygerKK.Sprint4.Task2.V7", "Tyuiu.PredygerKK.Sprint4.Task2.V7\Tyuiu.PredygerKK.Sprint4.Task2.V7.csproj", "{0A44D5F7-9547-46AB-A5A3-730759DE4D99}"
EndProject
Project("{9A19103F-16F7-4668-BE54-9A1E7A4F7556}") = "Tyuiu.PredygerKK.Sprint4.Task2.V7.Lib", "Tyuiu.PredygerKK.Sprint4.Task2.V7.Lib\Tyuiu.PredygerKK.Sprint4.Task2.V7.Lib.csproj", "{7622E0EB-C093-4F49-9B2F-283BDF68A517}"
EndProject
Project("{9A19103F-16F7-4668-BE54-9A1E7A4F7556}") = "Tyuiu.PredygerKK.Sprint4.Task2.V7.Test", "Tyuiu.PredygerKK.Sprint4.Task2.V7.Test\Tyuiu.PredygerKK.Sprint4.Task2.V7.Test.csproj", "{EF711D5D-BA60-4A05-890A-E79D51A0167D}"
EndProject
Project("{9A19103F-16F7-4668-BE54-9A1E7A4F7556}") = "DELETEME", "DELETEME\DELETEME.csproj", "{218F9A23-73F6-4196-9449-177DF5F6C62A}"
EndProject
Project("{2150E333-8FDC-42A3-9474-1A3956D46DE8}") = "Task3", "Task3", "{1C56FFDD-5E9C-439A-9AC6-4A9D5D80C2DC}"
EndProject
Project("{9A19103F-16F7-4668-BE54-9A1E7A4F7556}") = "Tyuiu.PredygerKK.Sprint4.Task3.V12", "Tyuiu.PredygerKK.Sprint4.Task3.V12\Tyuiu.PredygerKK.Sprint4.Task3.V12.csproj", "{5D292181-0DE7-49C9-B218-6A511B357F74}"
EndProject
Project("{9A19103F-16F7-4668-BE54-9A1E7A4F7556}") = "Tyuiu.PredygerKK.Sprint4.Task3.V12.Lib", "Tyuiu.PredygerKK.Sprint4.Task3.V12.Lib\Tyuiu.PredygerKK.Sprint4.Task3.V12.Lib.csproj", "{D98E532C-8DA3-4B51-AAB0-9E1533DAF9D7}"
EndProject
Project("{9A19103F-16F7-4668-BE54-9A1E7A4F7556}") = "Tyuiu.PredygerKK.Sprint4.Task3.V12.Test", "Tyuiu.PredygerKK.Sprint4.Task3.V12.Test\Tyuiu.PredygerKK.Sprint4.Task3.V12.Test.csproj", "{FB5B4ECC-9687-413F-80CB-1D5440D7EBAE}"
EndProject
Project("{2150E333-8FDC-42A3-9474-1A3956D46DE8}") = "Task4", "Task4", "{D84DA84D-9D7C-4341-AF36-A6A34CA2D133}"
EndProject
Project("{2150E333-8FDC-42A3-9474-1A3956D46DE8}") = "Task5", "Task5", "{A0CB8E0E-9719-4FB4-9FAA-B511609978DC}"
EndProject
Project("{FAE04EC0-301F-11D3-BF4B-00C04F79EFBC}") = "Tyuiu.PredygerKK.Sprint4.Task4.V23", "Tyuiu.PredygerKK.Sprint4.Task4.V23\Tyuiu.PredygerKK.Sprint4.Task4.V23.csproj", "{573A7C93-7E9B-4EA3-A029-FD86B66CDDD5}"
EndProject
Project("{FAE04EC0-301F-11D3-BF4B-00C04F79EFBC}") = "Tyuiu.PredygerKK.Sprint4.Task4.V23.Lib", "Tyuiu.PredygerKK.Sprint4.Task4.V23.Lib\Tyuiu.PredygerKK.Sprint4.Task4.V23.Lib.csproj", "{C12C34EF-E00E-464D-9D05-C8255BC84141}"
EndProject
Project("{FAE04EC0-301F-11D3-BF4B-00C04F79EFBC}") = "Tyuiu.PredygerKK.Sprint4.Task4.V23.Test", "Tyuiu.PredygerKK.Sprint4.Task4.V23.Test\Tyuiu.PredygerKK.Sprint4.Task4.V23.Test.csproj", "{3D28B607-7C77-463E-A52B-973931B19DF6}"
EndProject
Project("{FAE04EC0-301F-11D3-BF4B-00C04F79EFBC}") = "Tyuiu.PredygerKK.Sprint4.Task5.V6", "Tyuiu.PredygerKK.Sprint4.Task5.V6\Tyuiu.PredygerKK.Sprint4.Task5.V6.csproj", "{358823F1-4216-491C-ABC4-16392DFE934F}"
EndProject
Project("{FAE04EC0-301F-11D3-BF4B-00C04F79EFBC}") = "Tyuiu.PredygerKK.Sprint4.Task5.V6.Lib", "Tyuiu.PredygerKK.Sprint4.Task5.V6.Lib\Tyuiu.PredygerKK.Sprint4.Task5.V6.Lib.csproj", "{A5D2CA99-A5DE-44F8-984A-E98510BE5BB9}"
EndProject
Project("{FAE04EC0-301F-11D3-BF4B-00C04F79EFBC}") = "Tyuiu.PredygerKK.Sprint4.Task5.V6.Test", "Tyuiu.PredygerKK.Sprint4.Task5.V6.Test\Tyuiu.PredygerKK.Sprint4.Task5.V6.Test.csproj", "{1D625158-E181-460D-89DB-FD990F64ED13}"
EndProject
Global
	GlobalSection(SolutionConfigurationPlatforms) = preSolution
		Debug|Any CPU = Debug|Any CPU
		Release|Any CPU = Release|Any CPU
	EndGlobalSection
	GlobalSection(ProjectConfigurationPlatforms) = postSolution
		{A534477B-959C-4EDA-92CF-A33EC2A9007B}.Debug|Any CPU.ActiveCfg = Debug|Any CPU
		{A534477B-959C-4EDA-92CF-A33EC2A9007B}.Debug|Any CPU.Build.0 = Debug|Any CPU
		{A534477B-959C-4EDA-92CF-A33EC2A9007B}.Release|Any CPU.ActiveCfg = Release|Any CPU
		{A534477B-959C-4EDA-92CF-A33EC2A9007B}.Release|Any CPU.Build.0 = Release|Any CPU
		{ADF39853-B19B-4CEA-A181-ED9C32B5E893}.Debug|Any CPU.ActiveCfg = Debug|Any CPU
		{ADF39853-B19B-4CEA-A181-ED9C32B5E893}.Debug|Any CPU.Build.0 = Debug|Any CPU
		{ADF39853-B19B-4CEA-A181-ED9C32B5E893}.Release|Any CPU.ActiveCfg = Release|Any CPU
		{ADF39853-B19B-4CEA-A181-ED9C32B5E893}.Release|Any CPU.Build.0 = Release|Any CPU
		{C3FAF2D2-029B-4B8E-B998-91BDF8789A9B}.Debug|Any CPU.ActiveCfg = Debug|Any CPU
		{C3FAF2D2-029B-4B8E-B998-91BDF8789A9B}.Debug|Any CPU.Build.0 = Debug|Any CPU
		{C3FAF2D2-029B-4B8E-B998-91BDF8789A9B}.Release|Any CPU.ActiveCfg = Release|Any CPU
		{C3FAF2D2-029B-4B8E-B998-91BDF8789A9B}.Release|Any CPU.Build.0 = Release|Any CPU
		{C043D086-F2FA-47B3-A147-A324E754BEB0}.Debug|Any CPU.ActiveCfg = Debug|Any CPU
		{C043D086-F2FA-47B3-A147-A324E754BEB0}.Debug|Any CPU.Build.0 = Debug|Any CPU
		{C043D086-F2FA-47B3-A147-A324E754BEB0}.Release|Any CPU.ActiveCfg = Release|Any CPU
		{C043D086-F2FA-47B3-A147-A324E754BEB0}.Release|Any CPU.Build.0 = Release|Any CPU
		{CF8D6EDC-6C51-4279-A509-6343FCC97502}.Debug|Any CPU.ActiveCfg = Debug|Any CPU
		{CF8D6EDC-6C51-4279-A509-6343FCC97502}.Debug|Any CPU.Build.0 = Debug|Any CPU
		{CF8D6EDC-6C51-4279-A509-6343FCC97502}.Release|Any CPU.ActiveCfg = Release|Any CPU
		{CF8D6EDC-6C51-4279-A509-6343FCC97502}.Release|Any CPU.Build.0 = Release|Any CPU
		{4099C441-3E31-4A20-B291-9ED4E61AE1D9}.Debug|Any CPU.ActiveCfg = Debug|Any CPU
		{4099C441-3E31-4A20-B291-9ED4E61AE1D9}.Debug|Any CPU.Build.0 = Debug|Any CPU
		{4099C441-3E31-4A20-B291-9ED4E61AE1D9}.Release|Any CPU.ActiveCfg = Release|Any CPU
		{4099C441-3E31-4A20-B291-9ED4E61AE1D9}.Release|Any CPU.Build.0 = Release|Any CPU
		{0A44D5F7-9547-46AB-A5A3-730759DE4D99}.Debug|Any CPU.ActiveCfg = Debug|Any CPU
		{0A44D5F7-9547-46AB-A5A3-730759DE4D99}.Debug|Any CPU.Build.0 = Debug|Any CPU
		{0A44D5F7-9547-46AB-A5A3-730759DE4D99}.Release|Any CPU.ActiveCfg = Release|Any CPU
		{0A44D5F7-9547-46AB-A5A3-730759DE4D99}.Release|Any CPU.Build.0 = Release|Any CPU
		{7622E0EB-C093-4F49-9B2F-283BDF68A517}.Debug|Any CPU.ActiveCfg = Debug|Any CPU
		{7622E0EB-C093-4F49-9B2F-283BDF68A517}.Debug|Any CPU.Build.0 = Debug|Any CPU
		{7622E0EB-C093-4F49-9B2F-283BDF68A517}.Release|Any CPU.ActiveCfg = Release|Any CPU
		{7622E0EB-C093-4F49-9B2F-283BDF68A517}.Release|Any CPU.Build.0 = Release|Any CPU
		{EF711D5D-BA60-4A05-890A-E79D51A0167D}.Debug|Any CPU.ActiveCfg = Debug|Any CPU
		{EF711D5D-BA60-4A05-890A-E79D51A0167D}.Debug|Any CPU.Build.0 = Debug|Any CPU
		{EF711D5D-BA60-4A05-890A-E79D51A0167D}.Release|Any CPU.ActiveCfg = Release|Any CPU
		{EF711D5D-BA60-4A05-890A-E79D51A0167D}.Release|Any CPU.Build.0 = Release|Any CPU
		{218F9A23-73F6-4196-9449-177DF5F6C62A}.Debug|Any CPU.ActiveCfg = Debug|Any CPU
		{218F9A23-73F6-4196-9449-177DF5F6C62A}.Debug|Any CPU.Build.0 = Debug|Any CPU
		{218F9A23-73F6-4196-9449-177DF5F6C62A}.Release|Any CPU.ActiveCfg = Release|Any CPU
		{218F9A23-73F6-4196-9449-177DF5F6C62A}.Release|Any CPU.Build.0 = Release|Any CPU
		{5D292181-0DE7-49C9-B218-6A511B357F74}.Debug|Any CPU.ActiveCfg = Debug|Any CPU
		{5D292181-0DE7-49C9-B218-6A511B357F74}.Debug|Any CPU.Build.0 = Debug|Any CPU
		{5D292181-0DE7-49C9-B218-6A511B357F74}.Release|Any CPU.ActiveCfg = Release|Any CPU
		{5D292181-0DE7-49C9-B218-6A511B357F74}.Release|Any CPU.Build.0 = Release|Any CPU
		{D98E532C-8DA3-4B51-AAB0-9E1533DAF9D7}.Debug|Any CPU.ActiveCfg = Debug|Any CPU
		{D98E532C-8DA3-4B51-AAB0-9E1533DAF9D7}.Debug|Any CPU.Build.0 = Debug|Any CPU
		{D98E532C-8DA3-4B51-AAB0-9E1533DAF9D7}.Release|Any CPU.ActiveCfg = Release|Any CPU
		{D98E532C-8DA3-4B51-AAB0-9E1533DAF9D7}.Release|Any CPU.Build.0 = Release|Any CPU
		{FB5B4ECC-9687-413F-80CB-1D5440D7EBAE}.Debug|Any CPU.ActiveCfg = Debug|Any CPU
		{FB5B4ECC-9687-413F-80CB-1D5440D7EBAE}.Debug|Any CPU.Build.0 = Debug|Any CPU
		{FB5B4ECC-9687-413F-80CB-1D5440D7EBAE}.Release|Any CPU.ActiveCfg = Release|Any CPU
		{FB5B4ECC-9687-413F-80CB-1D5440D7EBAE}.Release|Any CPU.Build.0 = Release|Any CPU
		{573A7C93-7E9B-4EA3-A029-FD86B66CDDD5}.Debug|Any CPU.ActiveCfg = Debug|Any CPU
		{573A7C93-7E9B-4EA3-A029-FD86B66CDDD5}.Debug|Any CPU.Build.0 = Debug|Any CPU
		{573A7C93-7E9B-4EA3-A029-FD86B66CDDD5}.Release|Any CPU.ActiveCfg = Release|Any CPU
		{573A7C93-7E9B-4EA3-A029-FD86B66CDDD5}.Release|Any CPU.Build.0 = Release|Any CPU
		{C12C34EF-E00E-464D-9D05-C8255BC84141}.Debug|Any CPU.ActiveCfg = Debug|Any CPU
		{C12C34EF-E00E-464D-9D05-C8255BC84141}.Debug|Any CPU.Build.0 = Debug|Any CPU
		{C12C34EF-E00E-464D-9D05-C8255BC84141}.Release|Any CPU.ActiveCfg = Release|Any CPU
		{C12C34EF-E00E-464D-9D05-C8255BC84141}.Release|Any CPU.Build.0 = Release|Any CPU
		{3D28B607-7C77-463E-A52B-973931B19DF6}.Debug|Any CPU.ActiveCfg = Debug|Any CPU
		{3D28B607-7C77-463E-A52B-973931B19DF6}.Debug|Any CPU.Build.0 = Debug|Any CPU
		{3D28B607-7C77-463E-A52B-973931B19DF6}.Release|Any CPU.ActiveCfg = Release|Any CPU
		{3D28B607-7C77-463E-A52B-973931B19DF6}.Release|Any CPU.Build.0 = Release|Any CPU
		{358823F1-4216-491C-ABC4-16392DFE934F}.Debug|Any CPU.ActiveCfg = Debug|Any CPU
		{358823F1-4216-491C-ABC4-16392DFE934F}.Debug|Any CPU.Build.0 = Debug|Any CPU
		{358823F1-4216-491C-ABC4-16392DFE934F}.Release|Any CPU.ActiveCfg = Release|Any CPU
		{358823F1-4216-491C-ABC4-16392DFE934F}.Release|Any CPU.Build.0 = Release|Any CPU
		{A5D2CA99-A5DE-44F8-984A-E98510BE5BB9}.Debug|Any CPU.ActiveCfg = Debug|Any CPU
		{A5D2CA99-A5DE-44F8-984A-E98510BE5BB9}.Debug|Any CPU.Build.0 = Debug|Any CPU
		{A5D2CA99-A5DE-44F8-984A-E98510BE5BB9}.Release|Any CPU.ActiveCfg = Release|Any CPU
		{A5D2CA99-A5DE-44F8-984A-E98510BE5BB9}.Release|Any CPU.Build.0 = Release|Any CPU
		{1D625158-E181-460D-89DB-FD990F64ED13}.Debug|Any CPU.ActiveCfg = Debug|Any CPU
		{1D625158-E181-460D-89DB-FD990F64ED13}.Debug|Any CPU.Build.0 = Debug|Any CPU
		{1D625158-E181-460D-89DB-FD990F64ED13}.Release|Any CPU.ActiveCfg = Release|Any CPU
		{1D625158-E181-460D-89DB-FD990F64ED13}.Release|Any CPU.Build.0 = Release|Any CPU
	EndGlobalSection
	GlobalSection(SolutionProperties) = preSolution
		HideSolutionNode = FALSE
	EndGlobalSection
	GlobalSection(NestedProjects) = preSolution
		{A534477B-959C-4EDA-92CF-A33EC2A9007B} = {4A391298-18EC-4F5B-B181-088BFEB80B5A}
		{ADF39853-B19B-4CEA-A181-ED9C32B5E893} = {4A391298-18EC-4F5B-B181-088BFEB80B5A}
		{C3FAF2D2-029B-4B8E-B998-91BDF8789A9B} = {4A391298-18EC-4F5B-B181-088BFEB80B5A}
		{C043D086-F2FA-47B3-A147-A324E754BEB0} = {825736A7-FF15-4382-AF09-9B0AE0414089}
		{CF8D6EDC-6C51-4279-A509-6343FCC97502} = {825736A7-FF15-4382-AF09-9B0AE0414089}
		{4099C441-3E31-4A20-B291-9ED4E61AE1D9} = {825736A7-FF15-4382-AF09-9B0AE0414089}
		{0A44D5F7-9547-46AB-A5A3-730759DE4D99} = {583DAC04-DCB6-4AFA-8BA6-404032480447}
		{7622E0EB-C093-4F49-9B2F-283BDF68A517} = {583DAC04-DCB6-4AFA-8BA6-404032480447}
		{EF711D5D-BA60-4A05-890A-E79D51A0167D} = {583DAC04-DCB6-4AFA-8BA6-404032480447}
		{5D292181-0DE7-49C9-B218-6A511B357F74} = {1C56FFDD-5E9C-439A-9AC6-4A9D5D80C2DC}
		{D98E532C-8DA3-4B51-AAB0-9E1533DAF9D7} = {1C56FFDD-5E9C-439A-9AC6-4A9D5D80C2DC}
		{FB5B4ECC-9687-413F-80CB-1D5440D7EBAE} = {1C56FFDD-5E9C-439A-9AC6-4A9D5D80C2DC}
		{573A7C93-7E9B-4EA3-A029-FD86B66CDDD5} = {D84DA84D-9D7C-4341-AF36-A6A34CA2D133}
		{C12C34EF-E00E-464D-9D05-C8255BC84141} = {D84DA84D-9D7C-4341-AF36-A6A34CA2D133}
		{3D28B607-7C77-463E-A52B-973931B19DF6} = {D84DA84D-9D7C-4341-AF36-A6A34CA2D133}
		{358823F1-4216-491C-ABC4-16392DFE934F} = {A0CB8E0E-9719-4FB4-9FAA-B511609978DC}
		{A5D2CA99-A5DE-44F8-984A-E98510BE5BB9} = {A0CB8E0E-9719-4FB4-9FAA-B511609978DC}
		{1D625158-E181-460D-89DB-FD990F64ED13} = {A0CB8E0E-9719-4FB4-9FAA-B511609978DC}
	EndGlobalSection
	GlobalSection(ExtensibilityGlobals) = postSolution
		SolutionGuid = {A6159333-3249-4E49-B325-F703FF415AFD}
	EndGlobalSection
EndGlobal
